
Microsoft Visual Studio Solution File, Format Version 12.00
# Visual Studio 15
VisualStudioVersion = 15.0.28010.2016
MinimumVisualStudioVersion = 10.0.40219.1
Project("{FAE04EC0-301F-11D3-BF4B-00C04F79EFBC}") = "Ex36-ObserverPattern2", "Ex36-ObserverPattern2\Ex36-ObserverPattern2.csproj", "{508D21DB-5964-41A8-AA6A-50B2C10B241D}"
EndProject
Global
	GlobalSection(SolutionConfigurationPlatforms) = preSolution
		Debug|Any CPU = Debug|Any CPU
		Release|Any CPU = Release|Any CPU
	EndGlobalSection
	GlobalSection(ProjectConfigurationPlatforms) = postSolution
		{508D21DB-5964-41A8-AA6A-50B2C10B241D}.Debug|Any CPU.ActiveCfg = Debug|Any CPU
		{508D21DB-5964-41A8-AA6A-50B2C10B241D}.Debug|Any CPU.Build.0 = Debug|Any CPU
		{508D21DB-5964-41A8-AA6A-50B2C10B241D}.Release|Any CPU.ActiveCfg = Release|Any CPU
		{508D21DB-5964-41A8-AA6A-50B2C10B241D}.Release|Any CPU.Build.0 = Release|Any CPU
	EndGlobalSection
	GlobalSection(SolutionProperties) = preSolution
		HideSolutionNode = FALSE
	EndGlobalSection
	GlobalSection(ExtensibilityGlobals) = postSolution
		SolutionGuid = {C92FDE4D-AACF-4B07-AD98-D74D82418527}
	EndGlobalSection
EndGlobal
